schema: '2.0'
stages:
  load_data:
    cmd: python src/load_data.py --config=params.yaml
    deps:
    - path: source_code/penguin_course5i.csv
      md5: f0ca417f9ece5b06bfcfe6bcb1d98222
      size: 12982
    - path: src/get_data.py
      md5: bdd7dbac482d423168c61ee94186c120
      size: 684
    - path: src/load_data.py
      md5: ee8ab3955d2b82642a5b7cadbe24d3bf
      size: 686
    outs:
    - path: data/raw/penguin_course5i.csv
      md5: 57e37596734217d07fbf1d736851fdeb
      size: 12982
  split_data:
    cmd: python src/split_data.py --config=params.yaml
    deps:
    - path: data/raw/penguin_course5i.csv
      md5: 57e37596734217d07fbf1d736851fdeb
      size: 12982
    - path: src/split_data.py
      md5: f7dab36688c81c823463dd9f8f22e1ca
      size: 1131
    outs:
    - path: data/processed/test_penguin_course5i.csv
      md5: a6f5942f2a3a699bb8f10cdb409ac148
      size: 2686
    - path: data/processed/train_penguin_course5i.csv
      md5: 8d8cf10c0e3f92c46601081fa041b2bf
      size: 10391
  train_and_evaluate:
    cmd: python src/train_and_evaluate.py --config=params.yaml
    deps:
    - path: data/processed/test_penguin_course5i.csv
      md5: a6f5942f2a3a699bb8f10cdb409ac148
      size: 2686
    - path: data/processed/train_penguin_course5i.csv
      md5: 8d8cf10c0e3f92c46601081fa041b2bf
      size: 10391
    - path: src/train_and_evaluate.py
      md5: 454fa685938b87c7d7ae3b5df92abff5
      size: 2419
    params:
      params.yaml:
        estimators.ElasticNet.params.alpha: 0.9
        estimators.ElasticNet.params.l1_ratio: 0.4
    outs:
    - path: models/model.joblib
      md5: c3dc6d2c0707bab4f04b152eb3e9de0b
      size: 1167
    - path: reports/params.json
      md5: a4aab0167612f21a6085dd05cfafdbf6
      size: 44
    - path: reports/scores.json
      md5: 6ea65671de190d357f87cc557ad99b64
      size: 99
